
Microsoft Visual Studio Solution File, Format Version 12.00
# Visual Studio Version 17
VisualStudioVersion = 17.7.34031.279
MinimumVisualStudioVersion = 10.0.40219.1
Project("{8BC9CEB8-8B4A-11D0-8D11-00A0C91BC942}") = "ex", "ex.vcxproj", "{D11EE0C0-4E0A-4A64-AECE-5540249076CA}"
EndProject
Project("{8BC9CEB8-8B4A-11D0-8D11-00A0C91BC942}") = "ex2", "..\ex2\ex2.vcxproj", "{542583C2-E2ED-4663-96E2-C8CEF21D7864}"
EndProject
Global
	GlobalSection(SolutionConfigurationPlatforms) = preSolution
		Debug|x64 = Debug|x64
		Debug|x86 = Debug|x86
		Release|x64 = Release|x64
		Release|x86 = Release|x86
	EndGlobalSection
	GlobalSection(ProjectConfigurationPlatforms) = postSolution
		{D11EE0C0-4E0A-4A64-AECE-5540249076CA}.Debug|x64.ActiveCfg = Debug|x64
		{D11EE0C0-4E0A-4A64-AECE-5540249076CA}.Debug|x64.Build.0 = Debug|x64
		{D11EE0C0-4E0A-4A64-AECE-5540249076CA}.Debug|x86.ActiveCfg = Debug|Win32
		{D11EE0C0-4E0A-4A64-AECE-5540249076CA}.Debug|x86.Build.0 = Debug|Win32
		{D11EE0C0-4E0A-4A64-AECE-5540249076CA}.Release|x64.ActiveCfg = Release|x64
		{D11EE0C0-4E0A-4A64-AECE-5540249076CA}.Release|x64.Build.0 = Release|x64
		{D11EE0C0-4E0A-4A64-AECE-5540249076CA}.Release|x86.ActiveCfg = Release|Win32
		{D11EE0C0-4E0A-4A64-AECE-5540249076CA}.Release|x86.Build.0 = Release|Win32
		{542583C2-E2ED-4663-96E2-C8CEF21D7864}.Debug|x64.ActiveCfg = Debug|x64
		{542583C2-E2ED-4663-96E2-C8CEF21D7864}.Debug|x64.Build.0 = Debug|x64
		{542583C2-E2ED-4663-96E2-C8CEF21D7864}.Debug|x86.ActiveCfg = Debug|Win32
		{542583C2-E2ED-4663-96E2-C8CEF21D7864}.Debug|x86.Build.0 = Debug|Win32
		{542583C2-E2ED-4663-96E2-C8CEF21D7864}.Release|x64.ActiveCfg = Release|x64
		{542583C2-E2ED-4663-96E2-C8CEF21D7864}.Release|x64.Build.0 = Release|x64
		{542583C2-E2ED-4663-96E2-C8CEF21D7864}.Release|x86.ActiveCfg = Release|Win32
		{542583C2-E2ED-4663-96E2-C8CEF21D7864}.Release|x86.Build.0 = Release|Win32
	EndGlobalSection
	GlobalSection(SolutionProperties) = preSolution
		HideSolutionNode = FALSE
	EndGlobalSection
	GlobalSection(ExtensibilityGlobals) = postSolution
		SolutionGuid = {7CC60A7D-63F0-4AF9-BF84-9C8C4239FC76}
	EndGlobalSection
EndGlobal
